{
  "name": "ottava-corepal",
  "version": "1.0.1",
  "lockfileVersion": 1,
  "requires": true,
  "dependencies": {
    "ottava-debug": {
      "version": "1.0.2",
      "resolved": "https://registry.npmjs.org/ottava-debug/-/ottava-debug-1.0.2.tgz",
      "integrity": "sha512-KgXgsyOn2BOeV01GitSVfUt+xRa29fzyfl72lAbA2P2L2FSVJihPuDAEU9y0G1XxJQ5TTBFodfFf9yQusuYyuA=="
    },
    "ottava-mutable": {
      "version": "1.0.1",
      "resolved": "https://registry.npmjs.org/ottava-mutable/-/ottava-mutable-1.0.1.tgz",
      "integrity": "sha512-G3JamNVTW4VbT5z3LN/djKl8MIju5nDE5xL+LHwB1Jzu32Oj7DFfAKqfrQvl9pN/dJc8e+6qYs/jsu2rUfLN6Q==",
      "requires": {
        "ottava-debug": "^1.0.1"
      }
    }
  }
}
